{
  "version": "5",
  "specifiers": {
    "npm:@sentry/deno@9": "9.47.1"
  },
  "npm": {
    "@sentry/core@9.47.1": {
      "integrity": "sha512-KX62+qIt4xgy8eHKHiikfhz2p5fOciXd0Cl+dNzhgPFq8klq4MGMNaf148GB3M/vBqP4nw/eFvRMAayFCgdRQw=="
    },
    "@sentry/deno@9.47.1": {
      "integrity": "sha512-PR73ajdXCX6nCpXB3WrimYZ+VAGHXkmLLmAMCFG4pmEJ3lLt+gmdHPSCX0n+hiK67R/8GVpYsNErcFp+IDP91w==",
      "dependencies": [
        "@sentry/core"
      ]
    }
  },
  "remote": {
    "https://esm.sh/@supabase/supabase-js@2.49.1": "947c71e163ca8bb5b538eccb5ee86fbc8da6bcb916a861586db5fad1af4701bb"
  },
  "workspace": {
    "dependencies": [
      "npm:@sentry/deno@9"
    ]
  }
}
